
Microsoft Visual Studio Solution File, Format Version 12.00
# Visual Studio 15
VisualStudioVersion = 15.0.26124.0
MinimumVisualStudioVersion = 15.0.26124.0
Project("{2150E333-8FDC-42A3-9474-1A3956D46DE8}") = "src", "src", "{80EDA9AF-CB8D-4F05-951D-8E79028094A2}"
EndProject
Project("{FAE04EC0-301F-11D3-BF4B-00C04F79EFBC}") = "EppPlus.CsvToExcel.LinuxProblem", "src\EppPlus.CsvToExcel.LinuxProblem\EppPlus.CsvToExcel.LinuxProblem.csproj", "{1AED9B35-0A46-4C68-B1A5-CD606F5E430C}"
EndProject
Project("{2150E333-8FDC-42A3-9474-1A3956D46DE8}") = "misc", "misc", "{C7089FE5-5920-41E1-87E9-ED27C01A2505}"
ProjectSection(SolutionItems) = preProject
	global.json = global.json
EndProjectSection
EndProject
Global
	GlobalSection(SolutionConfigurationPlatforms) = preSolution
		Debug|Any CPU = Debug|Any CPU
		Debug|x64 = Debug|x64
		Debug|x86 = Debug|x86
		Release|Any CPU = Release|Any CPU
		Release|x64 = Release|x64
		Release|x86 = Release|x86
	EndGlobalSection
	GlobalSection(SolutionProperties) = preSolution
		HideSolutionNode = FALSE
	EndGlobalSection
	GlobalSection(ProjectConfigurationPlatforms) = postSolution
		{1AED9B35-0A46-4C68-B1A5-CD606F5E430C}.Debug|Any CPU.ActiveCfg = Debug|Any CPU
		{1AED9B35-0A46-4C68-B1A5-CD606F5E430C}.Debug|Any CPU.Build.0 = Debug|Any CPU
		{1AED9B35-0A46-4C68-B1A5-CD606F5E430C}.Debug|x64.ActiveCfg = Debug|Any CPU
		{1AED9B35-0A46-4C68-B1A5-CD606F5E430C}.Debug|x64.Build.0 = Debug|Any CPU
		{1AED9B35-0A46-4C68-B1A5-CD606F5E430C}.Debug|x86.ActiveCfg = Debug|Any CPU
		{1AED9B35-0A46-4C68-B1A5-CD606F5E430C}.Debug|x86.Build.0 = Debug|Any CPU
		{1AED9B35-0A46-4C68-B1A5-CD606F5E430C}.Release|Any CPU.ActiveCfg = Release|Any CPU
		{1AED9B35-0A46-4C68-B1A5-CD606F5E430C}.Release|Any CPU.Build.0 = Release|Any CPU
		{1AED9B35-0A46-4C68-B1A5-CD606F5E430C}.Release|x64.ActiveCfg = Release|Any CPU
		{1AED9B35-0A46-4C68-B1A5-CD606F5E430C}.Release|x64.Build.0 = Release|Any CPU
		{1AED9B35-0A46-4C68-B1A5-CD606F5E430C}.Release|x86.ActiveCfg = Release|Any CPU
		{1AED9B35-0A46-4C68-B1A5-CD606F5E430C}.Release|x86.Build.0 = Release|Any CPU
	EndGlobalSection
	GlobalSection(NestedProjects) = preSolution
		{1AED9B35-0A46-4C68-B1A5-CD606F5E430C} = {80EDA9AF-CB8D-4F05-951D-8E79028094A2}
	EndGlobalSection
EndGlobal
